
Microsoft Visual Studio Solution File, Format Version 12.00
# Visual Studio 2013
VisualStudioVersion = 12.0.30324.0
MinimumVisualStudioVersion = 10.0.40219.1
Project("{FAE04EC0-301F-11D3-BF4B-00C04F79EFBC}") = "AI-2048", "AI-2048.csproj", "{C6CB7E05-57E3-4EFC-8605-90433EFFD26F}"
EndProject
Global
	GlobalSection(SolutionConfigurationPlatforms) = preSolution
		Debug|Any CPU = Debug|Any CPU
		Release|Any CPU = Release|Any CPU
	EndGlobalSection
	GlobalSection(ProjectConfigurationPlatforms) = postSolution
		{C6CB7E05-57E3-4EFC-8605-90433EFFD26F}.Debug|Any CPU.ActiveCfg = Debug|Any CPU
		{C6CB7E05-57E3-4EFC-8605-90433EFFD26F}.Debug|Any CPU.Build.0 = Debug|Any CPU
		{C6CB7E05-57E3-4EFC-8605-90433EFFD26F}.Release|Any CPU.ActiveCfg = Release|Any CPU
		{C6CB7E05-57E3-4EFC-8605-90433EFFD26F}.Release|Any CPU.Build.0 = Release|Any CPU
	EndGlobalSection
	GlobalSection(SolutionProperties) = preSolution
		HideSolutionNode = FALSE
	EndGlobalSection
EndGlobal
